
Microsoft Visual Studio Solution File, Format Version 12.00
# Visual Studio Version 16
VisualStudioVersion = 16.0.28711.60
MinimumVisualStudioVersion = 10.0.40219.1
Project("{9A19103F-16F7-4668-BE54-9A1E7A4F7556}") = "SMART_MIRROR.API", "SMART_MIRROR.API\SMART_MIRROR.API.csproj", "{E32FA722-029E-4F15-A5B7-D9EB71E35C92}"
EndProject
Project("{FAE04EC0-301F-11D3-BF4B-00C04F79EFBC}") = "SMART_MIRROR.ENTITIES", "SMART_MIRROR.ENTITIES\SMART_MIRROR.ENTITIES.csproj", "{DCA76123-FAD8-4E7E-823F-52EA213D9658}"
EndProject
Global
	GlobalSection(SolutionConfigurationPlatforms) = preSolution
		Debug|Any CPU = Debug|Any CPU
		Release|Any CPU = Release|Any CPU
	EndGlobalSection
	GlobalSection(ProjectConfigurationPlatforms) = postSolution
		{E32FA722-029E-4F15-A5B7-D9EB71E35C92}.Debug|Any CPU.ActiveCfg = Debug|Any CPU
		{E32FA722-029E-4F15-A5B7-D9EB71E35C92}.Debug|Any CPU.Build.0 = Debug|Any CPU
		{E32FA722-029E-4F15-A5B7-D9EB71E35C92}.Release|Any CPU.ActiveCfg = Release|Any CPU
		{E32FA722-029E-4F15-A5B7-D9EB71E35C92}.Release|Any CPU.Build.0 = Release|Any CPU
		{DCA76123-FAD8-4E7E-823F-52EA213D9658}.Debug|Any CPU.ActiveCfg = Debug|Any CPU
		{DCA76123-FAD8-4E7E-823F-52EA213D9658}.Debug|Any CPU.Build.0 = Debug|Any CPU
		{DCA76123-FAD8-4E7E-823F-52EA213D9658}.Release|Any CPU.ActiveCfg = Release|Any CPU
		{DCA76123-FAD8-4E7E-823F-52EA213D9658}.Release|Any CPU.Build.0 = Release|Any CPU
	EndGlobalSection
	GlobalSection(SolutionProperties) = preSolution
		HideSolutionNode = FALSE
	EndGlobalSection
	GlobalSection(ExtensibilityGlobals) = postSolution
		SolutionGuid = {F473B5A0-EE81-4C3B-97C1-6B97841BE91E}
	EndGlobalSection
	GlobalSection(TeamFoundationVersionControl) = preSolution
		SccNumberOfProjects = 3
		SccEnterpriseProvider = {4CA58AB2-18FA-4F8D-95D4-32DDF27D184C}
		SccTeamFoundationServer = https://dev.azure.com/u201314323
		SccLocalPath0 = .
		SccProjectUniqueName1 = SMART_MIRROR.API\\SMART_MIRROR.API.csproj
		SccProjectName1 = SMART_MIRROR.API
		SccLocalPath1 = SMART_MIRROR.API
		SccProjectUniqueName2 = SMART_MIRROR.ENTITIES\\SMART_MIRROR.ENTITIES.csproj
		SccProjectName2 = SMART_MIRROR.ENTITIES
		SccLocalPath2 = SMART_MIRROR.ENTITIES
	EndGlobalSection
EndGlobal
